<?xml version="1.0" encoding="UTF-8"?>
<CodeBlocks_project_file>
	<FileVersion major="1" minor="6"/>
	<Project>
		<Option title="GsKit"/>
		<Option makefile_is_custom="1"/>
		<Option compiler="gcc"/>
		<Option virtualFolders="CMake Files\;CMake Files\CMake\;CMake Files\GsKit\;CMake Files\src\;CMake Files\src\engine\;CMake Files\src\engine\core\;CMake Files\src\engine\keen\;CMake Files\src\engine\keen\galaxy\;CMake Files\src\engine\keen\galaxy\common\;CMake Files\src\engine\keen\galaxy\ep4\;CMake Files\src\engine\keen\galaxy\ep5\;CMake Files\src\engine\keen\galaxy\ep6\;CMake Files\src\engine\keen\galaxy\menu\;CMake Files\src\engine\keen\galaxy\res\;CMake Files\src\engine\keen\vorticon\;CMake Files\src\engine\keen\dreams\;CMake Files\src\engine\refkeen\;CMake Files\src\engine\refkeen\kdreams\;CMake Files\src\engine\unzip\;CMake Files\src\sdl\;CMake Files\src\sdl\audio\;CMake Files\src\sdl\audio\base\;CMake Files\src\sdl\audio\music\;CMake Files\src\sdl\audio\sound\;CMake Files\src\sdl\sys\;CMake Files\src\fileio\;CMake Files\src\fileio\compression\;CMake Files\src\dialog\;CMake Files\src\graphics\;"/>
		<Build>
			<Target title="all">
				<Option working_dir="/mnt/bigDrive/gerstrong-big/workspace/Commander-Genius/GsKit"/>
				<Option type="4"/>
				<MakeCommands>
					<Build command="/usr/bin/make -j4 -f &quot;/mnt/bigDrive/gerstrong-big/workspace/Commander-Genius/GsKit/Makefile&quot;  VERBOSE=1 all"/>
					<CompileFile command="/usr/bin/make -j4 -f &quot;/mnt/bigDrive/gerstrong-big/workspace/Commander-Genius/GsKit/Makefile&quot;  VERBOSE=1 &quot;$file&quot;"/>
					<Clean command="/usr/bin/make -j4 -f &quot;/mnt/bigDrive/gerstrong-big/workspace/Commander-Genius/GsKit/Makefile&quot;  VERBOSE=1 clean"/>
					<DistClean command="/usr/bin/make -j4 -f &quot;/mnt/bigDrive/gerstrong-big/workspace/Commander-Genius/GsKit/Makefile&quot;  VERBOSE=1 clean"/>
				</MakeCommands>
			</Target>
			<Target title="all_pch">
				<Option working_dir="/mnt/bigDrive/gerstrong-big/workspace/Commander-Genius/GsKit"/>
				<Option type="4"/>
				<MakeCommands>
					<Build command="/usr/bin/make -j4 -f &quot;/mnt/bigDrive/gerstrong-big/workspace/Commander-Genius/GsKit/Makefile&quot;  VERBOSE=1 all_pch"/>
					<CompileFile command="/usr/bin/make -j4 -f &quot;/mnt/bigDrive/gerstrong-big/workspace/Commander-Genius/GsKit/Makefile&quot;  VERBOSE=1 &quot;$file&quot;"/>
					<Clean command="/usr/bin/make -j4 -f &quot;/mnt/bigDrive/gerstrong-big/workspace/Commander-Genius/GsKit/Makefile&quot;  VERBOSE=1 clean"/>
					<DistClean command="/usr/bin/make -j4 -f &quot;/mnt/bigDrive/gerstrong-big/workspace/Commander-Genius/GsKit/Makefile&quot;  VERBOSE=1 clean"/>
				</MakeCommands>
			</Target>
			<Target title="GsKit_unity">
				<Option output="/mnt/bigDrive/gerstrong-big/workspace/Commander-Genius/GsKit/libGsKit.a" prefix_auto="0" extension_auto="0"/>
				<Option working_dir="/mnt/bigDrive/gerstrong-big/workspace/Commander-Genius/GsKit"/>
				<Option object_output="./"/>
				<Option type="2"/>
				<Option compiler="gcc"/>
				<Compiler>
					<Add option="-DSYSTEM_DATA_DIR=&quot;/usr/share/games&quot;"/>
					<Add option="-DGL"/>
					<Add option="-DUSE_OPENGL"/>
					<Add option="-DDEBUG"/>
					<Add option="-DUSE_PYTHON3=1"/>
					<Add directory="/usr/include/SDL2"/>
					<Add directory="/Library/Frameworks/SDL2_image.framework/Headers"/>
					<Add directory="/usr/include/python3.6m"/>
					<Add directory="/mnt/bigDrive/gerstrong-big/workspace/Commander-Genius/GsKit"/>
					<Add directory="/Library/Frameworks/SDL2.framework/Headers"/>
					<Add directory="/usr/lib/gcc/x86_64-pc-linux-gnu/7.3.1/../../../../include/c++/7.3.1"/>
					<Add directory="/usr/lib/gcc/x86_64-pc-linux-gnu/7.3.1/../../../../include/c++/7.3.1/x86_64-pc-linux-gnu"/>
					<Add directory="/usr/lib/gcc/x86_64-pc-linux-gnu/7.3.1/../../../../include/c++/7.3.1/backward"/>
					<Add directory="/usr/lib/gcc/x86_64-pc-linux-gnu/7.3.1/include"/>
					<Add directory="/usr/local/include"/>
					<Add directory="/usr/lib/gcc/x86_64-pc-linux-gnu/7.3.1/include-fixed"/>
					<Add directory="/usr/include"/>
				</Compiler>
				<MakeCommands>
					<Build command="/usr/bin/make -j4 -f &quot;/mnt/bigDrive/gerstrong-big/workspace/Commander-Genius/GsKit/Makefile&quot;  VERBOSE=1 GsKit_unity"/>
					<CompileFile command="/usr/bin/make -j4 -f &quot;/mnt/bigDrive/gerstrong-big/workspace/Commander-Genius/GsKit/Makefile&quot;  VERBOSE=1 &quot;$file&quot;"/>
					<Clean command="/usr/bin/make -j4 -f &quot;/mnt/bigDrive/gerstrong-big/workspace/Commander-Genius/GsKit/Makefile&quot;  VERBOSE=1 clean"/>
					<DistClean command="/usr/bin/make -j4 -f &quot;/mnt/bigDrive/gerstrong-big/workspace/Commander-Genius/GsKit/Makefile&quot;  VERBOSE=1 clean"/>
				</MakeCommands>
			</Target>
			<Target title="GsKit_unity/fast">
				<Option output="/mnt/bigDrive/gerstrong-big/workspace/Commander-Genius/GsKit/libGsKit.a" prefix_auto="0" extension_auto="0"/>
				<Option working_dir="/mnt/bigDrive/gerstrong-big/workspace/Commander-Genius/GsKit"/>
				<Option object_output="./"/>
				<Option type="2"/>
				<Option compiler="gcc"/>
				<Compiler>
					<Add option="-DSYSTEM_DATA_DIR=&quot;/usr/share/games&quot;"/>
					<Add option="-DGL"/>
					<Add option="-DUSE_OPENGL"/>
					<Add option="-DDEBUG"/>
					<Add option="-DUSE_PYTHON3=1"/>
					<Add directory="/usr/include/SDL2"/>
					<Add directory="/Library/Frameworks/SDL2_image.framework/Headers"/>
					<Add directory="/usr/include/python3.6m"/>
					<Add directory="/mnt/bigDrive/gerstrong-big/workspace/Commander-Genius/GsKit"/>
					<Add directory="/Library/Frameworks/SDL2.framework/Headers"/>
					<Add directory="/usr/lib/gcc/x86_64-pc-linux-gnu/7.3.1/../../../../include/c++/7.3.1"/>
					<Add directory="/usr/lib/gcc/x86_64-pc-linux-gnu/7.3.1/../../../../include/c++/7.3.1/x86_64-pc-linux-gnu"/>
					<Add directory="/usr/lib/gcc/x86_64-pc-linux-gnu/7.3.1/../../../../include/c++/7.3.1/backward"/>
					<Add directory="/usr/lib/gcc/x86_64-pc-linux-gnu/7.3.1/include"/>
					<Add directory="/usr/local/include"/>
					<Add directory="/usr/lib/gcc/x86_64-pc-linux-gnu/7.3.1/include-fixed"/>
					<Add directory="/usr/include"/>
				</Compiler>
				<MakeCommands>
					<Build command="/usr/bin/make -j4 -f &quot;/mnt/bigDrive/gerstrong-big/workspace/Commander-Genius/GsKit/Makefile&quot;  VERBOSE=1 GsKit_unity/fast"/>
					<CompileFile command="/usr/bin/make -j4 -f &quot;/mnt/bigDrive/gerstrong-big/workspace/Commander-Genius/GsKit/Makefile&quot;  VERBOSE=1 &quot;$file&quot;"/>
					<Clean command="/usr/bin/make -j4 -f &quot;/mnt/bigDrive/gerstrong-big/workspace/Commander-Genius/GsKit/Makefile&quot;  VERBOSE=1 clean"/>
					<DistClean command="/usr/bin/make -j4 -f &quot;/mnt/bigDrive/gerstrong-big/workspace/Commander-Genius/GsKit/Makefile&quot;  VERBOSE=1 clean"/>
				</MakeCommands>
			</Target>
			<Target title="GsKit">
				<Option output="/mnt/bigDrive/gerstrong-big/workspace/Commander-Genius/GsKit/libGsKit.a" prefix_auto="0" extension_auto="0"/>
				<Option working_dir="/mnt/bigDrive/gerstrong-big/workspace/Commander-Genius/GsKit"/>
				<Option object_output="./"/>
				<Option type="2"/>
				<Option compiler="gcc"/>
				<Compiler>
					<Add option="-DSYSTEM_DATA_DIR=&quot;/usr/share/games&quot;"/>
					<Add option="-DGL"/>
					<Add option="-DUSE_OPENGL"/>
					<Add option="-DDEBUG"/>
					<Add option="-DUSE_PYTHON3=1"/>
					<Add directory="/usr/include/SDL2"/>
					<Add directory="/Library/Frameworks/SDL2_image.framework/Headers"/>
					<Add directory="/usr/include/python3.6m"/>
					<Add directory="/mnt/bigDrive/gerstrong-big/workspace/Commander-Genius/GsKit"/>
					<Add directory="/Library/Frameworks/SDL2.framework/Headers"/>
					<Add directory="/usr/lib/gcc/x86_64-pc-linux-gnu/7.3.1/../../../../include/c++/7.3.1"/>
					<Add directory="/usr/lib/gcc/x86_64-pc-linux-gnu/7.3.1/../../../../include/c++/7.3.1/x86_64-pc-linux-gnu"/>
					<Add directory="/usr/lib/gcc/x86_64-pc-linux-gnu/7.3.1/../../../../include/c++/7.3.1/backward"/>
					<Add directory="/usr/lib/gcc/x86_64-pc-linux-gnu/7.3.1/include"/>
					<Add directory="/usr/local/include"/>
					<Add directory="/usr/lib/gcc/x86_64-pc-linux-gnu/7.3.1/include-fixed"/>
					<Add directory="/usr/include"/>
				</Compiler>
				<MakeCommands>
					<Build command="/usr/bin/make -j4 -f &quot;/mnt/bigDrive/gerstrong-big/workspace/Commander-Genius/GsKit/Makefile&quot;  VERBOSE=1 GsKit"/>
					<CompileFile command="/usr/bin/make -j4 -f &quot;/mnt/bigDrive/gerstrong-big/workspace/Commander-Genius/GsKit/Makefile&quot;  VERBOSE=1 &quot;$file&quot;"/>
					<Clean command="/usr/bin/make -j4 -f &quot;/mnt/bigDrive/gerstrong-big/workspace/Commander-Genius/GsKit/Makefile&quot;  VERBOSE=1 clean"/>
					<DistClean command="/usr/bin/make -j4 -f &quot;/mnt/bigDrive/gerstrong-big/workspace/Commander-Genius/GsKit/Makefile&quot;  VERBOSE=1 clean"/>
				</MakeCommands>
			</Target>
			<Target title="GsKit/fast">
				<Option output="/mnt/bigDrive/gerstrong-big/workspace/Commander-Genius/GsKit/libGsKit.a" prefix_auto="0" extension_auto="0"/>
				<Option working_dir="/mnt/bigDrive/gerstrong-big/workspace/Commander-Genius/GsKit"/>
				<Option object_output="./"/>
				<Option type="2"/>
				<Option compiler="gcc"/>
				<Compiler>
					<Add option="-DSYSTEM_DATA_DIR=&quot;/usr/share/games&quot;"/>
					<Add option="-DGL"/>
					<Add option="-DUSE_OPENGL"/>
					<Add option="-DDEBUG"/>
					<Add option="-DUSE_PYTHON3=1"/>
					<Add directory="/usr/include/SDL2"/>
					<Add directory="/Library/Frameworks/SDL2_image.framework/Headers"/>
					<Add directory="/usr/include/python3.6m"/>
					<Add directory="/mnt/bigDrive/gerstrong-big/workspace/Commander-Genius/GsKit"/>
					<Add directory="/Library/Frameworks/SDL2.framework/Headers"/>
					<Add directory="/usr/lib/gcc/x86_64-pc-linux-gnu/7.3.1/../../../../include/c++/7.3.1"/>
					<Add directory="/usr/lib/gcc/x86_64-pc-linux-gnu/7.3.1/../../../../include/c++/7.3.1/x86_64-pc-linux-gnu"/>
					<Add directory="/usr/lib/gcc/x86_64-pc-linux-gnu/7.3.1/../../../../include/c++/7.3.1/backward"/>
					<Add directory="/usr/lib/gcc/x86_64-pc-linux-gnu/7.3.1/include"/>
					<Add directory="/usr/local/include"/>
					<Add directory="/usr/lib/gcc/x86_64-pc-linux-gnu/7.3.1/include-fixed"/>
					<Add directory="/usr/include"/>
				</Compiler>
				<MakeCommands>
					<Build command="/usr/bin/make -j4 -f &quot;/mnt/bigDrive/gerstrong-big/workspace/Commander-Genius/GsKit/Makefile&quot;  VERBOSE=1 GsKit/fast"/>
					<CompileFile command="/usr/bin/make -j4 -f &quot;/mnt/bigDrive/gerstrong-big/workspace/Commander-Genius/GsKit/Makefile&quot;  VERBOSE=1 &quot;$file&quot;"/>
					<Clean command="/usr/bin/make -j4 -f &quot;/mnt/bigDrive/gerstrong-big/workspace/Commander-Genius/GsKit/Makefile&quot;  VERBOSE=1 clean"/>
					<DistClean command="/usr/bin/make -j4 -f &quot;/mnt/bigDrive/gerstrong-big/workspace/Commander-Genius/GsKit/Makefile&quot;  VERBOSE=1 clean"/>
				</MakeCommands>
			</Target>
			<Target title="all_unity">
				<Option working_dir="/mnt/bigDrive/gerstrong-big/workspace/Commander-Genius/GsKit"/>
				<Option type="4"/>
				<MakeCommands>
					<Build command="/usr/bin/make -j4 -f &quot;/mnt/bigDrive/gerstrong-big/workspace/Commander-Genius/GsKit/Makefile&quot;  VERBOSE=1 all_unity"/>
					<CompileFile command="/usr/bin/make -j4 -f &quot;/mnt/bigDrive/gerstrong-big/workspace/Commander-Genius/GsKit/Makefile&quot;  VERBOSE=1 &quot;$file&quot;"/>
					<Clean command="/usr/bin/make -j4 -f &quot;/mnt/bigDrive/gerstrong-big/workspace/Commander-Genius/GsKit/Makefile&quot;  VERBOSE=1 clean"/>
					<DistClean command="/usr/bin/make -j4 -f &quot;/mnt/bigDrive/gerstrong-big/workspace/Commander-Genius/GsKit/Makefile&quot;  VERBOSE=1 clean"/>
				</MakeCommands>
			</Target>
			<Target title="GsKit_pch_pre">
				<Option working_dir="/mnt/bigDrive/gerstrong-big/workspace/Commander-Genius/GsKit"/>
				<Option type="4"/>
				<MakeCommands>
					<Build command="/usr/bin/make -j4 -f &quot;/mnt/bigDrive/gerstrong-big/workspace/Commander-Genius/GsKit/Makefile&quot;  VERBOSE=1 GsKit_pch_pre"/>
					<CompileFile command="/usr/bin/make -j4 -f &quot;/mnt/bigDrive/gerstrong-big/workspace/Commander-Genius/GsKit/Makefile&quot;  VERBOSE=1 &quot;$file&quot;"/>
					<Clean command="/usr/bin/make -j4 -f &quot;/mnt/bigDrive/gerstrong-big/workspace/Commander-Genius/GsKit/Makefile&quot;  VERBOSE=1 clean"/>
					<DistClean command="/usr/bin/make -j4 -f &quot;/mnt/bigDrive/gerstrong-big/workspace/Commander-Genius/GsKit/Makefile&quot;  VERBOSE=1 clean"/>
				</MakeCommands>
			</Target>
			<Target title="clean_cotire">
				<Option working_dir="/mnt/bigDrive/gerstrong-big/workspace/Commander-Genius/GsKit"/>
				<Option type="4"/>
				<MakeCommands>
					<Build command="/usr/bin/make -j4 -f &quot;/mnt/bigDrive/gerstrong-big/workspace/Commander-Genius/GsKit/Makefile&quot;  VERBOSE=1 clean_cotire"/>
					<CompileFile command="/usr/bin/make -j4 -f &quot;/mnt/bigDrive/gerstrong-big/workspace/Commander-Genius/GsKit/Makefile&quot;  VERBOSE=1 &quot;$file&quot;"/>
					<Clean command="/usr/bin/make -j4 -f &quot;/mnt/bigDrive/gerstrong-big/workspace/Commander-Genius/GsKit/Makefile&quot;  VERBOSE=1 clean"/>
					<DistClean command="/usr/bin/make -j4 -f &quot;/mnt/bigDrive/gerstrong-big/workspace/Commander-Genius/GsKit/Makefile&quot;  VERBOSE=1 clean"/>
				</MakeCommands>
			</Target>
			<Target title="GsKit_pch">
				<Option working_dir="/mnt/bigDrive/gerstrong-big/workspace/Commander-Genius/GsKit"/>
				<Option type="4"/>
				<MakeCommands>
					<Build command="/usr/bin/make -j4 -f &quot;/mnt/bigDrive/gerstrong-big/workspace/Commander-Genius/GsKit/Makefile&quot;  VERBOSE=1 GsKit_pch"/>
					<CompileFile command="/usr/bin/make -j4 -f &quot;/mnt/bigDrive/gerstrong-big/workspace/Commander-Genius/GsKit/Makefile&quot;  VERBOSE=1 &quot;$file&quot;"/>
					<Clean command="/usr/bin/make -j4 -f &quot;/mnt/bigDrive/gerstrong-big/workspace/Commander-Genius/GsKit/Makefile&quot;  VERBOSE=1 clean"/>
					<DistClean command="/usr/bin/make -j4 -f &quot;/mnt/bigDrive/gerstrong-big/workspace/Commander-Genius/GsKit/Makefile&quot;  VERBOSE=1 clean"/>
				</MakeCommands>
			</Target>
		</Build>
		<Unit filename="/mnt/bigDrive/gerstrong-big/workspace/Commander-Genius/GsKit/CMakeFiles/CMakeDirectoryInformation.cmake">
			<Option target="GsKit_unity"/>
			<Option target="GsKit"/>
		</Unit>
		<Unit filename="/mnt/bigDrive/gerstrong-big/workspace/Commander-Genius/GsKit/CMakeFiles/GsKit.dir/DependInfo.cmake">
			<Option target="GsKit_unity"/>
			<Option target="GsKit"/>
		</Unit>
		<Unit filename="/mnt/bigDrive/gerstrong-big/workspace/Commander-Genius/GsKit/CMakeFiles/GsKit.dir/base/CInput.cpp.o">
			<Option target="GsKit_unity"/>
			<Option target="GsKit"/>
		</Unit>
		<Unit filename="/mnt/bigDrive/gerstrong-big/workspace/Commander-Genius/GsKit/CMakeFiles/GsKit.dir/base/GsApp.cpp.o">
			<Option target="GsKit_unity"/>
			<Option target="GsKit"/>
		</Unit>
		<Unit filename="/mnt/bigDrive/gerstrong-big/workspace/Commander-Genius/GsKit/CMakeFiles/GsKit.dir/base/GsArguments.cpp.o">
			<Option target="GsKit_unity"/>
			<Option target="GsKit"/>
		</Unit>
		<Unit filename="/mnt/bigDrive/gerstrong-big/workspace/Commander-Genius/GsKit/CMakeFiles/GsKit.dir/base/GsLogging.cpp.o">
			<Option target="GsKit_unity"/>
			<Option target="GsKit"/>
		</Unit>
		<Unit filename="/mnt/bigDrive/gerstrong-big/workspace/Commander-Genius/GsKit/CMakeFiles/GsKit.dir/base/GsPython.cpp.o">
			<Option target="GsKit_unity"/>
			<Option target="GsKit"/>
		</Unit>
		<Unit filename="/mnt/bigDrive/gerstrong-big/workspace/Commander-Genius/GsKit/CMakeFiles/GsKit.dir/base/GsTimer.cpp.o">
			<Option target="GsKit_unity"/>
			<Option target="GsKit"/>
		</Unit>
		<Unit filename="/mnt/bigDrive/gerstrong-big/workspace/Commander-Genius/GsKit/CMakeFiles/GsKit.dir/base/utils/Base64.cpp.o">
			<Option target="GsKit_unity"/>
			<Option target="GsKit"/>
		</Unit>
		<Unit filename="/mnt/bigDrive/gerstrong-big/workspace/Commander-Genius/GsKit/CMakeFiles/GsKit.dir/base/utils/ConfigHandler.cpp.o">
			<Option target="GsKit_unity"/>
			<Option target="GsKit"/>
		</Unit>
		<Unit filename="/mnt/bigDrive/gerstrong-big/workspace/Commander-Genius/GsKit/CMakeFiles/GsKit.dir/base/utils/CrashHandler.cpp.o">
			<Option target="GsKit_unity"/>
			<Option target="GsKit"/>
		</Unit>
		<Unit filename="/mnt/bigDrive/gerstrong-big/workspace/Commander-Genius/GsKit/CMakeFiles/GsKit.dir/base/utils/Debug.cpp.o">
			<Option target="GsKit_unity"/>
			<Option target="GsKit"/>
		</Unit>
		<Unit filename="/mnt/bigDrive/gerstrong-big/workspace/Commander-Genius/GsKit/CMakeFiles/GsKit.dir/base/utils/FindFile.cpp.o">
			<Option target="GsKit_unity"/>
			<Option target="GsKit"/>
		</Unit>
		<Unit filename="/mnt/bigDrive/gerstrong-big/workspace/Commander-Genius/GsKit/CMakeFiles/GsKit.dir/base/utils/Geometry.cpp.o">
			<Option target="GsKit_unity"/>
			<Option target="GsKit"/>
		</Unit>
		<Unit filename="/mnt/bigDrive/gerstrong-big/workspace/Commander-Genius/GsKit/CMakeFiles/GsKit.dir/base/utils/StringBuf.cpp.o">
			<Option target="GsKit_unity"/>
			<Option target="GsKit"/>
		</Unit>
		<Unit filename="/mnt/bigDrive/gerstrong-big/workspace/Commander-Genius/GsKit/CMakeFiles/GsKit.dir/base/utils/StringUtils.cpp.o">
			<Option target="GsKit_unity"/>
			<Option target="GsKit"/>
		</Unit>
		<Unit filename="/mnt/bigDrive/gerstrong-big/workspace/Commander-Genius/GsKit/CMakeFiles/GsKit.dir/base/utils/ThreadPool.cpp.o">
			<Option target="GsKit_unity"/>
			<Option target="GsKit"/>
		</Unit>
		<Unit filename="/mnt/bigDrive/gerstrong-big/workspace/Commander-Genius/GsKit/CMakeFiles/GsKit.dir/base/utils/Unicode.cpp.o">
			<Option target="GsKit_unity"/>
			<Option target="GsKit"/>
		</Unit>
		<Unit filename="/mnt/bigDrive/gerstrong-big/workspace/Commander-Genius/GsKit/CMakeFiles/GsKit.dir/base/video/COpenGL.cpp.o">
			<Option target="GsKit_unity"/>
			<Option target="GsKit"/>
		</Unit>
		<Unit filename="/mnt/bigDrive/gerstrong-big/workspace/Commander-Genius/GsKit/CMakeFiles/GsKit.dir/base/video/CSDLVideo.cpp.o">
			<Option target="GsKit_unity"/>
			<Option target="GsKit"/>
		</Unit>
		<Unit filename="/mnt/bigDrive/gerstrong-big/workspace/Commander-Genius/GsKit/CMakeFiles/GsKit.dir/base/video/CVidConfig.cpp.o">
			<Option target="GsKit_unity"/>
			<Option target="GsKit"/>
		</Unit>
		<Unit filename="/mnt/bigDrive/gerstrong-big/workspace/Commander-Genius/GsKit/CMakeFiles/GsKit.dir/base/video/CVideoDriver.cpp.o">
			<Option target="GsKit_unity"/>
			<Option target="GsKit"/>
		</Unit>
		<Unit filename="/mnt/bigDrive/gerstrong-big/workspace/Commander-Genius/GsKit/CMakeFiles/GsKit.dir/base/video/CVideoEngine.cpp.o">
			<Option target="GsKit_unity"/>
			<Option target="GsKit"/>
		</Unit>
		<Unit filename="/mnt/bigDrive/gerstrong-big/workspace/Commander-Genius/GsKit/CMakeFiles/GsKit.dir/base/video/scaler/CScaler.cpp.o">
			<Option target="GsKit_unity"/>
			<Option target="GsKit"/>
		</Unit>
		<Unit filename="/mnt/bigDrive/gerstrong-big/workspace/Commander-Genius/GsKit/CMakeFiles/GsKit.dir/base/video/scaler/scale2x.cpp.o">
			<Option target="GsKit_unity"/>
			<Option target="GsKit"/>
		</Unit>
		<Unit filename="/mnt/bigDrive/gerstrong-big/workspace/Commander-Genius/GsKit/CMakeFiles/GsKit.dir/base/video/scaler/scale3x.cpp.o">
			<Option target="GsKit_unity"/>
			<Option target="GsKit"/>
		</Unit>
		<Unit filename="/mnt/bigDrive/gerstrong-big/workspace/Commander-Genius/GsKit/CMakeFiles/GsKit.dir/base/video/scaler/scalebit.cpp.o">
			<Option target="GsKit_unity"/>
			<Option target="GsKit"/>
		</Unit>
		<Unit filename="/mnt/bigDrive/gerstrong-big/workspace/Commander-Genius/GsKit/CMakeFiles/GsKit.dir/cmake_clean.cmake">
			<Option target="GsKit_unity"/>
			<Option target="GsKit"/>
		</Unit>
		<Unit filename="/mnt/bigDrive/gerstrong-big/workspace/Commander-Genius/GsKit/CMakeFiles/GsKit.dir/cmake_clean_target.cmake">
			<Option target="GsKit_unity"/>
			<Option target="GsKit"/>
		</Unit>
		<Unit filename="/mnt/bigDrive/gerstrong-big/workspace/Commander-Genius/GsKit/CMakeFiles/GsKit.dir/cotire/GsKit_CXX_prefix.cxx.o">
			<Option target="GsKit_unity"/>
			<Option target="GsKit"/>
		</Unit>
		<Unit filename="/mnt/bigDrive/gerstrong-big/workspace/Commander-Genius/GsKit/CMakeFiles/GsKit.dir/fileio/CConfiguration.cpp.o">
			<Option target="GsKit_unity"/>
			<Option target="GsKit"/>
		</Unit>
		<Unit filename="/mnt/bigDrive/gerstrong-big/workspace/Commander-Genius/GsKit/CMakeFiles/GsKit.dir/fileio/IniReader.cpp.o">
			<Option target="GsKit_unity"/>
			<Option target="GsKit"/>
		</Unit>
		<Unit filename="/mnt/bigDrive/gerstrong-big/workspace/Commander-Genius/GsKit/CMakeFiles/GsKit.dir/fileio/ResourceMgmt.cpp.o">
			<Option target="GsKit_unity"/>
			<Option target="GsKit"/>
		</Unit>
		<Unit filename="/mnt/bigDrive/gerstrong-big/workspace/Commander-Genius/GsKit/CMakeFiles/GsKit.dir/graphics/GsBitmap.cpp.o">
			<Option target="GsKit_unity"/>
			<Option target="GsKit"/>
		</Unit>
		<Unit filename="/mnt/bigDrive/gerstrong-big/workspace/Commander-Genius/GsKit/CMakeFiles/GsKit.dir/graphics/GsCursor.cpp.o">
			<Option target="GsKit_unity"/>
			<Option target="GsKit"/>
		</Unit>
		<Unit filename="/mnt/bigDrive/gerstrong-big/workspace/Commander-Genius/GsKit/CMakeFiles/GsKit.dir/graphics/GsFont.cpp.o">
			<Option target="GsKit_unity"/>
			<Option target="GsKit"/>
		</Unit>
		<Unit filename="/mnt/bigDrive/gerstrong-big/workspace/Commander-Genius/GsKit/CMakeFiles/GsKit.dir/graphics/GsGametext.cpp.o">
			<Option target="GsKit_unity"/>
			<Option target="GsKit"/>
		</Unit>
		<Unit filename="/mnt/bigDrive/gerstrong-big/workspace/Commander-Genius/GsKit/CMakeFiles/GsKit.dir/graphics/GsGraphics.cpp.o">
			<Option target="GsKit_unity"/>
			<Option target="GsKit"/>
		</Unit>
		<Unit filename="/mnt/bigDrive/gerstrong-big/workspace/Commander-Genius/GsKit/CMakeFiles/GsKit.dir/graphics/GsPalette.cpp.o">
			<Option target="GsKit_unity"/>
			<Option target="GsKit"/>
		</Unit>
		<Unit filename="/mnt/bigDrive/gerstrong-big/workspace/Commander-Genius/GsKit/CMakeFiles/GsKit.dir/graphics/GsSprite.cpp.o">
			<Option target="GsKit_unity"/>
			<Option target="GsKit"/>
		</Unit>
		<Unit filename="/mnt/bigDrive/gerstrong-big/workspace/Commander-Genius/GsKit/CMakeFiles/GsKit.dir/graphics/GsSurface.cpp.o">
			<Option target="GsKit_unity"/>
			<Option target="GsKit"/>
		</Unit>
		<Unit filename="/mnt/bigDrive/gerstrong-big/workspace/Commander-Genius/GsKit/CMakeFiles/GsKit.dir/graphics/GsTilemap.cpp.o">
			<Option target="GsKit_unity"/>
			<Option target="GsKit"/>
		</Unit>
		<Unit filename="/mnt/bigDrive/gerstrong-big/workspace/Commander-Genius/GsKit/CMakeFiles/GsKit.dir/widgets/GsBanner.cpp.o">
			<Option target="GsKit_unity"/>
			<Option target="GsKit"/>
		</Unit>
		<Unit filename="/mnt/bigDrive/gerstrong-big/workspace/Commander-Genius/GsKit/CMakeFiles/GsKit.dir/widgets/GsBaseMenu.cpp.o">
			<Option target="GsKit_unity"/>
			<Option target="GsKit"/>
		</Unit>
		<Unit filename="/mnt/bigDrive/gerstrong-big/workspace/Commander-Genius/GsKit/CMakeFiles/GsKit.dir/widgets/GsBitmapBox.cpp.o">
			<Option target="GsKit_unity"/>
			<Option target="GsKit"/>
		</Unit>
		<Unit filename="/mnt/bigDrive/gerstrong-big/workspace/Commander-Genius/GsKit/CMakeFiles/GsKit.dir/widgets/GsButton.cpp.o">
			<Option target="GsKit_unity"/>
			<Option target="GsKit"/>
		</Unit>
		<Unit filename="/mnt/bigDrive/gerstrong-big/workspace/Commander-Genius/GsKit/CMakeFiles/GsKit.dir/widgets/GsComboSelection.cpp.o">
			<Option target="GsKit_unity"/>
			<Option target="GsKit"/>
		</Unit>
		<Unit filename="/mnt/bigDrive/gerstrong-big/workspace/Commander-Genius/GsKit/CMakeFiles/GsKit.dir/widgets/GsControl.cpp.o">
			<Option target="GsKit_unity"/>
			<Option target="GsKit"/>
		</Unit>
		<Unit filename="/mnt/bigDrive/gerstrong-big/workspace/Commander-Genius/GsKit/CMakeFiles/GsKit.dir/widgets/GsDialog.cpp.o">
			<Option target="GsKit_unity"/>
			<Option target="GsKit"/>
		</Unit>
		<Unit filename="/mnt/bigDrive/gerstrong-big/workspace/Commander-Genius/GsKit/CMakeFiles/GsKit.dir/widgets/GsInputText.cpp.o">
			<Option target="GsKit_unity"/>
			<Option target="GsKit"/>
		</Unit>
		<Unit filename="/mnt/bigDrive/gerstrong-big/workspace/Commander-Genius/GsKit/CMakeFiles/GsKit.dir/widgets/GsMenuController.cpp.o">
			<Option target="GsKit_unity"/>
			<Option target="GsKit"/>
		</Unit>
		<Unit filename="/mnt/bigDrive/gerstrong-big/workspace/Commander-Genius/GsKit/CMakeFiles/GsKit.dir/widgets/GsMiniTextViewer.cpp.o">
			<Option target="GsKit_unity"/>
			<Option target="GsKit"/>
		</Unit>
		<Unit filename="/mnt/bigDrive/gerstrong-big/workspace/Commander-Genius/GsKit/CMakeFiles/GsKit.dir/widgets/GsNumberControl.cpp.o">
			<Option target="GsKit_unity"/>
			<Option target="GsKit"/>
		</Unit>
		<Unit filename="/mnt/bigDrive/gerstrong-big/workspace/Commander-Genius/GsKit/CMakeFiles/GsKit.dir/widgets/GsProgressbar.cpp.o">
			<Option target="GsKit_unity"/>
			<Option target="GsKit"/>
		</Unit>
		<Unit filename="/mnt/bigDrive/gerstrong-big/workspace/Commander-Genius/GsKit/CMakeFiles/GsKit.dir/widgets/GsScrollbar.cpp.o">
			<Option target="GsKit_unity"/>
			<Option target="GsKit"/>
		</Unit>
		<Unit filename="/mnt/bigDrive/gerstrong-big/workspace/Commander-Genius/GsKit/CMakeFiles/GsKit.dir/widgets/GsSwitch.cpp.o">
			<Option target="GsKit_unity"/>
			<Option target="GsKit"/>
		</Unit>
		<Unit filename="/mnt/bigDrive/gerstrong-big/workspace/Commander-Genius/GsKit/CMakeFiles/GsKit.dir/widgets/GsText.cpp.o">
			<Option target="GsKit_unity"/>
			<Option target="GsKit"/>
		</Unit>
		<Unit filename="/mnt/bigDrive/gerstrong-big/workspace/Commander-Genius/GsKit/CMakeFiles/GsKit.dir/widgets/GsTextSelectionList.cpp.o">
			<Option target="GsKit_unity"/>
			<Option target="GsKit"/>
		</Unit>
		<Unit filename="/mnt/bigDrive/gerstrong-big/workspace/Commander-Genius/GsKit/CMakeFiles/GsKit_pch.dir/DependInfo.cmake">
			<Option target="GsKit_unity"/>
			<Option target="GsKit"/>
		</Unit>
		<Unit filename="/mnt/bigDrive/gerstrong-big/workspace/Commander-Genius/GsKit/CMakeFiles/GsKit_pch.dir/cmake_clean.cmake">
			<Option target="GsKit_unity"/>
			<Option target="GsKit"/>
		</Unit>
		<Unit filename="/mnt/bigDrive/gerstrong-big/workspace/Commander-Genius/GsKit/CMakeFiles/GsKit_pch_pre.dir/DependInfo.cmake">
			<Option target="GsKit_unity"/>
			<Option target="GsKit"/>
		</Unit>
		<Unit filename="/mnt/bigDrive/gerstrong-big/workspace/Commander-Genius/GsKit/CMakeFiles/GsKit_pch_pre.dir/cmake_clean.cmake">
			<Option target="GsKit_unity"/>
			<Option target="GsKit"/>
		</Unit>
		<Unit filename="/mnt/bigDrive/gerstrong-big/workspace/Commander-Genius/GsKit/CMakeFiles/GsKit_unity.dir/DependInfo.cmake">
			<Option target="GsKit_unity"/>
			<Option target="GsKit"/>
		</Unit>
		<Unit filename="/mnt/bigDrive/gerstrong-big/workspace/Commander-Genius/GsKit/CMakeFiles/GsKit_unity.dir/cmake_clean.cmake">
			<Option target="GsKit_unity"/>
			<Option target="GsKit"/>
		</Unit>
		<Unit filename="/mnt/bigDrive/gerstrong-big/workspace/Commander-Genius/GsKit/CMakeFiles/GsKit_unity.dir/cmake_clean_target.cmake">
			<Option target="GsKit_unity"/>
			<Option target="GsKit"/>
		</Unit>
		<Unit filename="/mnt/bigDrive/gerstrong-big/workspace/Commander-Genius/GsKit/CMakeFiles/all_pch.dir/DependInfo.cmake">
			<Option target="GsKit_unity"/>
			<Option target="GsKit"/>
		</Unit>
		<Unit filename="/mnt/bigDrive/gerstrong-big/workspace/Commander-Genius/GsKit/CMakeFiles/all_pch.dir/cmake_clean.cmake">
			<Option target="GsKit_unity"/>
			<Option target="GsKit"/>
		</Unit>
		<Unit filename="/mnt/bigDrive/gerstrong-big/workspace/Commander-Genius/GsKit/CMakeFiles/all_unity.dir/DependInfo.cmake">
			<Option target="GsKit_unity"/>
			<Option target="GsKit"/>
		</Unit>
		<Unit filename="/mnt/bigDrive/gerstrong-big/workspace/Commander-Genius/GsKit/CMakeFiles/all_unity.dir/cmake_clean.cmake">
			<Option target="GsKit_unity"/>
			<Option target="GsKit"/>
		</Unit>
		<Unit filename="/mnt/bigDrive/gerstrong-big/workspace/Commander-Genius/GsKit/CMakeFiles/clean_cotire.dir/DependInfo.cmake">
			<Option target="GsKit_unity"/>
			<Option target="GsKit"/>
		</Unit>
		<Unit filename="/mnt/bigDrive/gerstrong-big/workspace/Commander-Genius/GsKit/CMakeFiles/clean_cotire.dir/cmake_clean.cmake">
			<Option target="GsKit_unity"/>
			<Option target="GsKit"/>
		</Unit>
		<Unit filename="/mnt/bigDrive/gerstrong-big/workspace/Commander-Genius/GsKit/FindSDL2.cmake">
			<Option target="GsKit_unity"/>
			<Option target="GsKit"/>
		</Unit>
		<Unit filename="/mnt/bigDrive/gerstrong-big/workspace/Commander-Genius/GsKit/FindSDL2_image.cmake">
			<Option target="GsKit_unity"/>
			<Option target="GsKit"/>
		</Unit>
		<Unit filename="/mnt/bigDrive/gerstrong-big/workspace/Commander-Genius/GsKit/GsKit.cbp">
			<Option target="GsKit_unity"/>
			<Option target="GsKit"/>
		</Unit>
		<Unit filename="/mnt/bigDrive/gerstrong-big/workspace/Commander-Genius/GsKit/GsKit_CXX_cotire.cmake">
			<Option target="GsKit_unity"/>
			<Option target="GsKit"/>
		</Unit>
		<Unit filename="/mnt/bigDrive/gerstrong-big/workspace/Commander-Genius/GsKit/base/CInput.cpp">
			<Option target="GsKit"/>
		</Unit>
		<Unit filename="/mnt/bigDrive/gerstrong-big/workspace/Commander-Genius/GsKit/base/CInput.h">
			<Option target="GsKit_unity"/>
			<Option target="GsKit"/>
		</Unit>
		<Unit filename="/mnt/bigDrive/gerstrong-big/workspace/Commander-Genius/GsKit/base/Configurator.h">
			<Option target="GsKit_unity"/>
			<Option target="GsKit"/>
		</Unit>
		<Unit filename="/mnt/bigDrive/gerstrong-big/workspace/Commander-Genius/GsKit/base/GsApp.cpp">
			<Option target="GsKit"/>
		</Unit>
		<Unit filename="/mnt/bigDrive/gerstrong-big/workspace/Commander-Genius/GsKit/base/GsApp.h">
			<Option target="GsKit_unity"/>
			<Option target="GsKit"/>
		</Unit>
		<Unit filename="/mnt/bigDrive/gerstrong-big/workspace/Commander-Genius/GsKit/base/GsArguments.cpp">
			<Option target="GsKit"/>
		</Unit>
		<Unit filename="/mnt/bigDrive/gerstrong-big/workspace/Commander-Genius/GsKit/base/GsArguments.h">
			<Option target="GsKit_unity"/>
			<Option target="GsKit"/>
		</Unit>
		<Unit filename="/mnt/bigDrive/gerstrong-big/workspace/Commander-Genius/GsKit/base/GsEngine.h">
			<Option target="GsKit_unity"/>
			<Option target="GsKit"/>
		</Unit>
		<Unit filename="/mnt/bigDrive/gerstrong-big/workspace/Commander-Genius/GsKit/base/GsEvent.h">
			<Option target="GsKit_unity"/>
			<Option target="GsKit"/>
		</Unit>
		<Unit filename="/mnt/bigDrive/gerstrong-big/workspace/Commander-Genius/GsKit/base/GsGear.h">
			<Option target="GsKit_unity"/>
			<Option target="GsKit"/>
		</Unit>
		<Unit filename="/mnt/bigDrive/gerstrong-big/workspace/Commander-Genius/GsKit/base/GsLogging.cpp">
			<Option target="GsKit"/>
		</Unit>
		<Unit filename="/mnt/bigDrive/gerstrong-big/workspace/Commander-Genius/GsKit/base/GsLogging.h">
			<Option target="GsKit_unity"/>
			<Option target="GsKit"/>
		</Unit>
		<Unit filename="/mnt/bigDrive/gerstrong-big/workspace/Commander-Genius/GsKit/base/GsPython.cpp">
			<Option target="GsKit"/>
		</Unit>
		<Unit filename="/mnt/bigDrive/gerstrong-big/workspace/Commander-Genius/GsKit/base/GsPython.h">
			<Option target="GsKit_unity"/>
			<Option target="GsKit"/>
		</Unit>
		<Unit filename="/mnt/bigDrive/gerstrong-big/workspace/Commander-Genius/GsKit/base/GsTimer.cpp">
			<Option target="GsKit"/>
		</Unit>
		<Unit filename="/mnt/bigDrive/gerstrong-big/workspace/Commander-Genius/GsKit/base/GsTimer.h">
			<Option target="GsKit_unity"/>
			<Option target="GsKit"/>
		</Unit>
		<Unit filename="/mnt/bigDrive/gerstrong-big/workspace/Commander-Genius/GsKit/base/GsVirtualinput.h">
			<Option target="GsKit_unity"/>
			<Option target="GsKit"/>
		</Unit>
		<Unit filename="/mnt/bigDrive/gerstrong-big/workspace/Commander-Genius/GsKit/base/InputEvents.h">
			<Option target="GsKit_unity"/>
			<Option target="GsKit"/>
		</Unit>
		<Unit filename="/mnt/bigDrive/gerstrong-big/workspace/Commander-Genius/GsKit/base/PointDevice.h">
			<Option target="GsKit_unity"/>
			<Option target="GsKit"/>
		</Unit>
		<Unit filename="/mnt/bigDrive/gerstrong-big/workspace/Commander-Genius/GsKit/base/Singleton.h">
			<Option target="GsKit_unity"/>
			<Option target="GsKit"/>
		</Unit>
		<Unit filename="/mnt/bigDrive/gerstrong-big/workspace/Commander-Genius/GsKit/base/TypeDefinitions.h">
			<Option target="GsKit_unity"/>
			<Option target="GsKit"/>
		</Unit>
		<Unit filename="/mnt/bigDrive/gerstrong-big/workspace/Commander-Genius/GsKit/base/Vector2D.h">
			<Option target="GsKit_unity"/>
			<Option target="GsKit"/>
		</Unit>
		<Unit filename="/mnt/bigDrive/gerstrong-big/workspace/Commander-Genius/GsKit/base/utils/Base64.cpp">
			<Option target="GsKit"/>
		</Unit>
		<Unit filename="/mnt/bigDrive/gerstrong-big/workspace/Commander-Genius/GsKit/base/utils/Base64.h">
			<Option target="GsKit_unity"/>
			<Option target="GsKit"/>
		</Unit>
		<Unit filename="/mnt/bigDrive/gerstrong-big/workspace/Commander-Genius/GsKit/base/utils/Color.h">
			<Option target="GsKit_unity"/>
			<Option target="GsKit"/>
		</Unit>
		<Unit filename="/mnt/bigDrive/gerstrong-big/workspace/Commander-Genius/GsKit/base/utils/ConfigHandler.cpp">
			<Option target="GsKit"/>
		</Unit>
		<Unit filename="/mnt/bigDrive/gerstrong-big/workspace/Commander-Genius/GsKit/base/utils/ConfigHandler.h">
			<Option target="GsKit_unity"/>
			<Option target="GsKit"/>
		</Unit>
		<Unit filename="/mnt/bigDrive/gerstrong-big/workspace/Commander-Genius/GsKit/base/utils/CrashHandler.cpp">
			<Option target="GsKit"/>
		</Unit>
		<Unit filename="/mnt/bigDrive/gerstrong-big/workspace/Commander-Genius/GsKit/base/utils/CrashHandler.h">
			<Option target="GsKit_unity"/>
			<Option target="GsKit"/>
		</Unit>
		<Unit filename="/mnt/bigDrive/gerstrong-big/workspace/Commander-Genius/GsKit/base/utils/Debug.cpp">
			<Option target="GsKit"/>
		</Unit>
		<Unit filename="/mnt/bigDrive/gerstrong-big/workspace/Commander-Genius/GsKit/base/utils/Debug.h">
			<Option target="GsKit_unity"/>
			<Option target="GsKit"/>
		</Unit>
		<Unit filename="/mnt/bigDrive/gerstrong-big/workspace/Commander-Genius/GsKit/base/utils/Event.h">
			<Option target="GsKit_unity"/>
			<Option target="GsKit"/>
		</Unit>
		<Unit filename="/mnt/bigDrive/gerstrong-big/workspace/Commander-Genius/GsKit/base/utils/EventQueue.h">
			<Option target="GsKit_unity"/>
			<Option target="GsKit"/>
		</Unit>
		<Unit filename="/mnt/bigDrive/gerstrong-big/workspace/Commander-Genius/GsKit/base/utils/FindFile.cpp">
			<Option target="GsKit"/>
		</Unit>
		<Unit filename="/mnt/bigDrive/gerstrong-big/workspace/Commander-Genius/GsKit/base/utils/FindFile.h">
			<Option target="GsKit_unity"/>
			<Option target="GsKit"/>
		</Unit>
		<Unit filename="/mnt/bigDrive/gerstrong-big/workspace/Commander-Genius/GsKit/base/utils/Functors.h">
			<Option target="GsKit_unity"/>
			<Option target="GsKit"/>
		</Unit>
		<Unit filename="/mnt/bigDrive/gerstrong-big/workspace/Commander-Genius/GsKit/base/utils/Geometry.cpp">
			<Option target="GsKit"/>
		</Unit>
		<Unit filename="/mnt/bigDrive/gerstrong-big/workspace/Commander-Genius/GsKit/base/utils/Geometry.h">
			<Option target="GsKit_unity"/>
			<Option target="GsKit"/>
		</Unit>
		<Unit filename="/mnt/bigDrive/gerstrong-big/workspace/Commander-Genius/GsKit/base/utils/Iterator.h">
			<Option target="GsKit_unity"/>
			<Option target="GsKit"/>
		</Unit>
		<Unit filename="/mnt/bigDrive/gerstrong-big/workspace/Commander-Genius/GsKit/base/utils/MathLib.h">
			<Option target="GsKit_unity"/>
			<Option target="GsKit"/>
		</Unit>
		<Unit filename="/mnt/bigDrive/gerstrong-big/workspace/Commander-Genius/GsKit/base/utils/Mutex.h">
			<Option target="GsKit_unity"/>
			<Option target="GsKit"/>
		</Unit>
		<Unit filename="/mnt/bigDrive/gerstrong-big/workspace/Commander-Genius/GsKit/base/utils/ReadWriteLock.h">
			<Option target="GsKit_unity"/>
			<Option target="GsKit"/>
		</Unit>
		<Unit filename="/mnt/bigDrive/gerstrong-big/workspace/Commander-Genius/GsKit/base/utils/Ref.h">
			<Option target="GsKit_unity"/>
			<Option target="GsKit"/>
		</Unit>
		<Unit filename="/mnt/bigDrive/gerstrong-big/workspace/Commander-Genius/GsKit/base/utils/RefCounter.h">
			<Option target="GsKit_unity"/>
			<Option target="GsKit"/>
		</Unit>
		<Unit filename="/mnt/bigDrive/gerstrong-big/workspace/Commander-Genius/GsKit/base/utils/StringBuf.cpp">
			<Option target="GsKit"/>
		</Unit>
		<Unit filename="/mnt/bigDrive/gerstrong-big/workspace/Commander-Genius/GsKit/base/utils/StringBuf.h">
			<Option target="GsKit_unity"/>
			<Option target="GsKit"/>
		</Unit>
		<Unit filename="/mnt/bigDrive/gerstrong-big/workspace/Commander-Genius/GsKit/base/utils/StringUtils.cpp">
			<Option target="GsKit"/>
		</Unit>
		<Unit filename="/mnt/bigDrive/gerstrong-big/workspace/Commander-Genius/GsKit/base/utils/StringUtils.h">
			<Option target="GsKit_unity"/>
			<Option target="GsKit"/>
		</Unit>
		<Unit filename="/mnt/bigDrive/gerstrong-big/workspace/Commander-Genius/GsKit/base/utils/ThreadPool.cpp">
			<Option target="GsKit"/>
		</Unit>
		<Unit filename="/mnt/bigDrive/gerstrong-big/workspace/Commander-Genius/GsKit/base/utils/ThreadPool.h">
			<Option target="GsKit_unity"/>
			<Option target="GsKit"/>
		</Unit>
		<Unit filename="/mnt/bigDrive/gerstrong-big/workspace/Commander-Genius/GsKit/base/utils/Unicode.cpp">
			<Option target="GsKit"/>
		</Unit>
		<Unit filename="/mnt/bigDrive/gerstrong-big/workspace/Commander-Genius/GsKit/base/utils/Unicode.h">
			<Option target="GsKit_unity"/>
			<Option target="GsKit"/>
		</Unit>
		<Unit filename="/mnt/bigDrive/gerstrong-big/workspace/Commander-Genius/GsKit/base/utils/Utils.h">
			<Option target="GsKit_unity"/>
			<Option target="GsKit"/>
		</Unit>
		<Unit filename="/mnt/bigDrive/gerstrong-big/workspace/Commander-Genius/GsKit/base/utils/misc.h">
			<Option target="GsKit_unity"/>
			<Option target="GsKit"/>
		</Unit>
		<Unit filename="/mnt/bigDrive/gerstrong-big/workspace/Commander-Genius/GsKit/base/video/CEffects.h">
			<Option target="GsKit_unity"/>
			<Option target="GsKit"/>
		</Unit>
		<Unit filename="/mnt/bigDrive/gerstrong-big/workspace/Commander-Genius/GsKit/base/video/COpenGL.cpp">
			<Option target="GsKit"/>
		</Unit>
		<Unit filename="/mnt/bigDrive/gerstrong-big/workspace/Commander-Genius/GsKit/base/video/COpenGL.h">
			<Option target="GsKit_unity"/>
			<Option target="GsKit"/>
		</Unit>
		<Unit filename="/mnt/bigDrive/gerstrong-big/workspace/Commander-Genius/GsKit/base/video/CSDLVideo.cpp">
			<Option target="GsKit"/>
		</Unit>
		<Unit filename="/mnt/bigDrive/gerstrong-big/workspace/Commander-Genius/GsKit/base/video/CSDLVideo.h">
			<Option target="GsKit_unity"/>
			<Option target="GsKit"/>
		</Unit>
		<Unit filename="/mnt/bigDrive/gerstrong-big/workspace/Commander-Genius/GsKit/base/video/CVidConfig.cpp">
			<Option target="GsKit"/>
		</Unit>
		<Unit filename="/mnt/bigDrive/gerstrong-big/workspace/Commander-Genius/GsKit/base/video/CVidConfig.h">
			<Option target="GsKit_unity"/>
			<Option target="GsKit"/>
		</Unit>
		<Unit filename="/mnt/bigDrive/gerstrong-big/workspace/Commander-Genius/GsKit/base/video/CVideoDriver.cpp">
			<Option target="GsKit"/>
		</Unit>
		<Unit filename="/mnt/bigDrive/gerstrong-big/workspace/Commander-Genius/GsKit/base/video/CVideoDriver.h">
			<Option target="GsKit_unity"/>
			<Option target="GsKit"/>
		</Unit>
		<Unit filename="/mnt/bigDrive/gerstrong-big/workspace/Commander-Genius/GsKit/base/video/CVideoEngine.cpp">
			<Option target="GsKit"/>
		</Unit>
		<Unit filename="/mnt/bigDrive/gerstrong-big/workspace/Commander-Genius/GsKit/base/video/CVideoEngine.h">
			<Option target="GsKit_unity"/>
			<Option target="GsKit"/>
		</Unit>
		<Unit filename="/mnt/bigDrive/gerstrong-big/workspace/Commander-Genius/GsKit/base/video/GsEffectController.h">
			<Option target="GsKit_unity"/>
			<Option target="GsKit"/>
		</Unit>
		<Unit filename="/mnt/bigDrive/gerstrong-big/workspace/Commander-Genius/GsKit/base/video/resolutionlist.h">
			<Option target="GsKit_unity"/>
			<Option target="GsKit"/>
		</Unit>
		<Unit filename="/mnt/bigDrive/gerstrong-big/workspace/Commander-Genius/GsKit/base/video/scaler/CScaler.cpp">
			<Option target="GsKit"/>
		</Unit>
		<Unit filename="/mnt/bigDrive/gerstrong-big/workspace/Commander-Genius/GsKit/base/video/scaler/CScaler.h">
			<Option target="GsKit_unity"/>
			<Option target="GsKit"/>
		</Unit>
		<Unit filename="/mnt/bigDrive/gerstrong-big/workspace/Commander-Genius/GsKit/base/video/scaler/scale2x.cpp">
			<Option target="GsKit"/>
		</Unit>
		<Unit filename="/mnt/bigDrive/gerstrong-big/workspace/Commander-Genius/GsKit/base/video/scaler/scale2x.h">
			<Option target="GsKit_unity"/>
			<Option target="GsKit"/>
		</Unit>
		<Unit filename="/mnt/bigDrive/gerstrong-big/workspace/Commander-Genius/GsKit/base/video/scaler/scale3x.cpp">
			<Option target="GsKit"/>
		</Unit>
		<Unit filename="/mnt/bigDrive/gerstrong-big/workspace/Commander-Genius/GsKit/base/video/scaler/scale3x.h">
			<Option target="GsKit_unity"/>
			<Option target="GsKit"/>
		</Unit>
		<Unit filename="/mnt/bigDrive/gerstrong-big/workspace/Commander-Genius/GsKit/base/video/scaler/scalebit.cpp">
			<Option target="GsKit"/>
		</Unit>
		<Unit filename="/mnt/bigDrive/gerstrong-big/workspace/Commander-Genius/GsKit/base/video/scaler/scalebit.h">
			<Option target="GsKit_unity"/>
			<Option target="GsKit"/>
		</Unit>
		<Unit filename="/mnt/bigDrive/gerstrong-big/workspace/Commander-Genius/GsKit/cmake_install.cmake">
			<Option target="GsKit_unity"/>
			<Option target="GsKit"/>
		</Unit>
		<Unit filename="/mnt/bigDrive/gerstrong-big/workspace/Commander-Genius/GsKit/cotire/GsKit_CXX_prefix.cxx">
			<Option target="GsKit"/>
		</Unit>
		<Unit filename="/mnt/bigDrive/gerstrong-big/workspace/Commander-Genius/GsKit/cotire/GsKit_CXX_prefix.cxx.log">
			<Option target="GsKit_unity"/>
			<Option target="GsKit"/>
		</Unit>
		<Unit filename="/mnt/bigDrive/gerstrong-big/workspace/Commander-Genius/GsKit/cotire/GsKit_CXX_prefix.cxx.rule">
			<Option target="GsKit_unity"/>
			<Option target="GsKit"/>
		</Unit>
		<Unit filename="/mnt/bigDrive/gerstrong-big/workspace/Commander-Genius/GsKit/cotire/GsKit_CXX_prefix.hxx">
			<Option target="GsKit_unity"/>
			<Option target="GsKit"/>
		</Unit>
		<Unit filename="/mnt/bigDrive/gerstrong-big/workspace/Commander-Genius/GsKit/cotire/GsKit_CXX_prefix.hxx.gch">
			<Option target="GsKit_unity"/>
			<Option target="GsKit"/>
		</Unit>
		<Unit filename="/mnt/bigDrive/gerstrong-big/workspace/Commander-Genius/GsKit/cotire/GsKit_CXX_prefix.hxx.gch.rule">
			<Option target="GsKit_unity"/>
			<Option target="GsKit"/>
		</Unit>
		<Unit filename="/mnt/bigDrive/gerstrong-big/workspace/Commander-Genius/GsKit/cotire/GsKit_CXX_prefix.hxx.rule">
			<Option target="GsKit_unity"/>
			<Option target="GsKit"/>
		</Unit>
		<Unit filename="/mnt/bigDrive/gerstrong-big/workspace/Commander-Genius/GsKit/cotire/GsKit_CXX_unity.cxx">
			<Option target="GsKit_unity"/>
			<Option target="GsKit"/>
		</Unit>
		<Unit filename="/mnt/bigDrive/gerstrong-big/workspace/Commander-Genius/GsKit/cotire/GsKit_CXX_unity.cxx.rule">
			<Option target="GsKit_unity"/>
			<Option target="GsKit"/>
		</Unit>
		<Unit filename="/mnt/bigDrive/gerstrong-big/workspace/Commander-Genius/GsKit/fileio/CConfiguration.cpp">
			<Option target="GsKit"/>
		</Unit>
		<Unit filename="/mnt/bigDrive/gerstrong-big/workspace/Commander-Genius/GsKit/fileio/CConfiguration.h">
			<Option target="GsKit_unity"/>
			<Option target="GsKit"/>
		</Unit>
		<Unit filename="/mnt/bigDrive/gerstrong-big/workspace/Commander-Genius/GsKit/fileio/IniReader.cpp">
			<Option target="GsKit"/>
		</Unit>
		<Unit filename="/mnt/bigDrive/gerstrong-big/workspace/Commander-Genius/GsKit/fileio/IniReader.h">
			<Option target="GsKit_unity"/>
			<Option target="GsKit"/>
		</Unit>
		<Unit filename="/mnt/bigDrive/gerstrong-big/workspace/Commander-Genius/GsKit/fileio/ResourceMgmt.cpp">
			<Option target="GsKit"/>
		</Unit>
		<Unit filename="/mnt/bigDrive/gerstrong-big/workspace/Commander-Genius/GsKit/fileio/ResourceMgmt.h">
			<Option target="GsKit_unity"/>
			<Option target="GsKit"/>
		</Unit>
		<Unit filename="/mnt/bigDrive/gerstrong-big/workspace/Commander-Genius/GsKit/graphics/GsBitmap.cpp">
			<Option target="GsKit"/>
		</Unit>
		<Unit filename="/mnt/bigDrive/gerstrong-big/workspace/Commander-Genius/GsKit/graphics/GsBitmap.h">
			<Option target="GsKit_unity"/>
			<Option target="GsKit"/>
		</Unit>
		<Unit filename="/mnt/bigDrive/gerstrong-big/workspace/Commander-Genius/GsKit/graphics/GsCursor.cpp">
			<Option target="GsKit"/>
		</Unit>
		<Unit filename="/mnt/bigDrive/gerstrong-big/workspace/Commander-Genius/GsKit/graphics/GsCursor.h">
			<Option target="GsKit_unity"/>
			<Option target="GsKit"/>
		</Unit>
		<Unit filename="/mnt/bigDrive/gerstrong-big/workspace/Commander-Genius/GsKit/graphics/GsFont.cpp">
			<Option target="GsKit"/>
		</Unit>
		<Unit filename="/mnt/bigDrive/gerstrong-big/workspace/Commander-Genius/GsKit/graphics/GsFontLegacy.h">
			<Option target="GsKit_unity"/>
			<Option target="GsKit"/>
		</Unit>
		<Unit filename="/mnt/bigDrive/gerstrong-big/workspace/Commander-Genius/GsKit/graphics/GsGametext.cpp">
			<Option target="GsKit"/>
		</Unit>
		<Unit filename="/mnt/bigDrive/gerstrong-big/workspace/Commander-Genius/GsKit/graphics/GsGametext.h">
			<Option target="GsKit_unity"/>
			<Option target="GsKit"/>
		</Unit>
		<Unit filename="/mnt/bigDrive/gerstrong-big/workspace/Commander-Genius/GsKit/graphics/GsGraphics.cpp">
			<Option target="GsKit"/>
		</Unit>
		<Unit filename="/mnt/bigDrive/gerstrong-big/workspace/Commander-Genius/GsKit/graphics/GsGraphics.h">
			<Option target="GsKit_unity"/>
			<Option target="GsKit"/>
		</Unit>
		<Unit filename="/mnt/bigDrive/gerstrong-big/workspace/Commander-Genius/GsKit/graphics/GsPalette.cpp">
			<Option target="GsKit"/>
		</Unit>
		<Unit filename="/mnt/bigDrive/gerstrong-big/workspace/Commander-Genius/GsKit/graphics/GsPalette.h">
			<Option target="GsKit_unity"/>
			<Option target="GsKit"/>
		</Unit>
		<Unit filename="/mnt/bigDrive/gerstrong-big/workspace/Commander-Genius/GsKit/graphics/GsSprite.cpp">
			<Option target="GsKit"/>
		</Unit>
		<Unit filename="/mnt/bigDrive/gerstrong-big/workspace/Commander-Genius/GsKit/graphics/GsSprite.h">
			<Option target="GsKit_unity"/>
			<Option target="GsKit"/>
		</Unit>
		<Unit filename="/mnt/bigDrive/gerstrong-big/workspace/Commander-Genius/GsKit/graphics/GsSurface.cpp">
			<Option target="GsKit"/>
		</Unit>
		<Unit filename="/mnt/bigDrive/gerstrong-big/workspace/Commander-Genius/GsKit/graphics/GsSurface.h">
			<Option target="GsKit_unity"/>
			<Option target="GsKit"/>
		</Unit>
		<Unit filename="/mnt/bigDrive/gerstrong-big/workspace/Commander-Genius/GsKit/graphics/GsTexture.h">
			<Option target="GsKit_unity"/>
			<Option target="GsKit"/>
		</Unit>
		<Unit filename="/mnt/bigDrive/gerstrong-big/workspace/Commander-Genius/GsKit/graphics/GsTilemap.cpp">
			<Option target="GsKit"/>
		</Unit>
		<Unit filename="/mnt/bigDrive/gerstrong-big/workspace/Commander-Genius/GsKit/graphics/GsTilemap.h">
			<Option target="GsKit_unity"/>
			<Option target="GsKit"/>
		</Unit>
		<Unit filename="/mnt/bigDrive/gerstrong-big/workspace/Commander-Genius/GsKit/widgets/GsBanner.cpp">
			<Option target="GsKit"/>
		</Unit>
		<Unit filename="/mnt/bigDrive/gerstrong-big/workspace/Commander-Genius/GsKit/widgets/GsBanner.h">
			<Option target="GsKit_unity"/>
			<Option target="GsKit"/>
		</Unit>
		<Unit filename="/mnt/bigDrive/gerstrong-big/workspace/Commander-Genius/GsKit/widgets/GsBaseMenu.cpp">
			<Option target="GsKit"/>
		</Unit>
		<Unit filename="/mnt/bigDrive/gerstrong-big/workspace/Commander-Genius/GsKit/widgets/GsBaseMenu.h">
			<Option target="GsKit_unity"/>
			<Option target="GsKit"/>
		</Unit>
		<Unit filename="/mnt/bigDrive/gerstrong-big/workspace/Commander-Genius/GsKit/widgets/GsBitmapBox.cpp">
			<Option target="GsKit"/>
		</Unit>
		<Unit filename="/mnt/bigDrive/gerstrong-big/workspace/Commander-Genius/GsKit/widgets/GsBitmapBox.h">
			<Option target="GsKit_unity"/>
			<Option target="GsKit"/>
		</Unit>
		<Unit filename="/mnt/bigDrive/gerstrong-big/workspace/Commander-Genius/GsKit/widgets/GsButton.cpp">
			<Option target="GsKit"/>
		</Unit>
		<Unit filename="/mnt/bigDrive/gerstrong-big/workspace/Commander-Genius/GsKit/widgets/GsButton.h">
			<Option target="GsKit_unity"/>
			<Option target="GsKit"/>
		</Unit>
		<Unit filename="/mnt/bigDrive/gerstrong-big/workspace/Commander-Genius/GsKit/widgets/GsComboSelection.cpp">
			<Option target="GsKit"/>
		</Unit>
		<Unit filename="/mnt/bigDrive/gerstrong-big/workspace/Commander-Genius/GsKit/widgets/GsComboSelection.h">
			<Option target="GsKit_unity"/>
			<Option target="GsKit"/>
		</Unit>
		<Unit filename="/mnt/bigDrive/gerstrong-big/workspace/Commander-Genius/GsKit/widgets/GsControl.cpp">
			<Option target="GsKit"/>
		</Unit>
		<Unit filename="/mnt/bigDrive/gerstrong-big/workspace/Commander-Genius/GsKit/widgets/GsControl.h">
			<Option target="GsKit_unity"/>
			<Option target="GsKit"/>
		</Unit>
		<Unit filename="/mnt/bigDrive/gerstrong-big/workspace/Commander-Genius/GsKit/widgets/GsDialog.cpp">
			<Option target="GsKit"/>
		</Unit>
		<Unit filename="/mnt/bigDrive/gerstrong-big/workspace/Commander-Genius/GsKit/widgets/GsDialog.h">
			<Option target="GsKit_unity"/>
			<Option target="GsKit"/>
		</Unit>
		<Unit filename="/mnt/bigDrive/gerstrong-big/workspace/Commander-Genius/GsKit/widgets/GsInputText.cpp">
			<Option target="GsKit"/>
		</Unit>
		<Unit filename="/mnt/bigDrive/gerstrong-big/workspace/Commander-Genius/GsKit/widgets/GsInputText.h">
			<Option target="GsKit_unity"/>
			<Option target="GsKit"/>
		</Unit>
		<Unit filename="/mnt/bigDrive/gerstrong-big/workspace/Commander-Genius/GsKit/widgets/GsMenuController.cpp">
			<Option target="GsKit"/>
		</Unit>
		<Unit filename="/mnt/bigDrive/gerstrong-big/workspace/Commander-Genius/GsKit/widgets/GsMenuController.h">
			<Option target="GsKit_unity"/>
			<Option target="GsKit"/>
		</Unit>
		<Unit filename="/mnt/bigDrive/gerstrong-big/workspace/Commander-Genius/GsKit/widgets/GsMiniTextViewer.cpp">
			<Option target="GsKit"/>
		</Unit>
		<Unit filename="/mnt/bigDrive/gerstrong-big/workspace/Commander-Genius/GsKit/widgets/GsMiniTextViewer.h">
			<Option target="GsKit_unity"/>
			<Option target="GsKit"/>
		</Unit>
		<Unit filename="/mnt/bigDrive/gerstrong-big/workspace/Commander-Genius/GsKit/widgets/GsNumberControl.cpp">
			<Option target="GsKit"/>
		</Unit>
		<Unit filename="/mnt/bigDrive/gerstrong-big/workspace/Commander-Genius/GsKit/widgets/GsNumberControl.h">
			<Option target="GsKit_unity"/>
			<Option target="GsKit"/>
		</Unit>
		<Unit filename="/mnt/bigDrive/gerstrong-big/workspace/Commander-Genius/GsKit/widgets/GsProgressbar.cpp">
			<Option target="GsKit"/>
		</Unit>
		<Unit filename="/mnt/bigDrive/gerstrong-big/workspace/Commander-Genius/GsKit/widgets/GsProgressbar.h">
			<Option target="GsKit_unity"/>
			<Option target="GsKit"/>
		</Unit>
		<Unit filename="/mnt/bigDrive/gerstrong-big/workspace/Commander-Genius/GsKit/widgets/GsScrollbar.cpp">
			<Option target="GsKit"/>
		</Unit>
		<Unit filename="/mnt/bigDrive/gerstrong-big/workspace/Commander-Genius/GsKit/widgets/GsScrollbar.h">
			<Option target="GsKit_unity"/>
			<Option target="GsKit"/>
		</Unit>
		<Unit filename="/mnt/bigDrive/gerstrong-big/workspace/Commander-Genius/GsKit/widgets/GsSwitch.cpp">
			<Option target="GsKit"/>
		</Unit>
		<Unit filename="/mnt/bigDrive/gerstrong-big/workspace/Commander-Genius/GsKit/widgets/GsSwitch.h">
			<Option target="GsKit_unity"/>
			<Option target="GsKit"/>
		</Unit>
		<Unit filename="/mnt/bigDrive/gerstrong-big/workspace/Commander-Genius/GsKit/widgets/GsText.cpp">
			<Option target="GsKit"/>
		</Unit>
		<Unit filename="/mnt/bigDrive/gerstrong-big/workspace/Commander-Genius/GsKit/widgets/GsText.h">
			<Option target="GsKit_unity"/>
			<Option target="GsKit"/>
		</Unit>
		<Unit filename="/mnt/bigDrive/gerstrong-big/workspace/Commander-Genius/GsKit/widgets/GsTextSelectionList.cpp">
			<Option target="GsKit"/>
		</Unit>
		<Unit filename="/mnt/bigDrive/gerstrong-big/workspace/Commander-Genius/GsKit/widgets/GsTextSelectionList.h">
			<Option target="GsKit_unity"/>
			<Option target="GsKit"/>
		</Unit>
		<Unit filename="/mnt/bigDrive/gerstrong-big/workspace/Commander-Genius/CMakeLists.txt">
			<Option virtualFolder="CMake Files\"/>
		</Unit>
		<Unit filename="/mnt/bigDrive/gerstrong-big/workspace/Commander-Genius/README.in">
			<Option virtualFolder="CMake Files\"/>
		</Unit>
		<Unit filename="/mnt/bigDrive/gerstrong-big/workspace/Commander-Genius/package.cmake">
			<Option virtualFolder="CMake Files\"/>
		</Unit>
		<Unit filename="/mnt/bigDrive/gerstrong-big/workspace/Commander-Genius/CMake/FindSDL2.cmake">
			<Option virtualFolder="CMake Files\CMake\"/>
		</Unit>
		<Unit filename="/mnt/bigDrive/gerstrong-big/workspace/Commander-Genius/CMake/FindSDL2_image.cmake">
			<Option virtualFolder="CMake Files\CMake\"/>
		</Unit>
		<Unit filename="/mnt/bigDrive/gerstrong-big/workspace/Commander-Genius/CMake/FindSDL2_mixer.cmake">
			<Option virtualFolder="CMake Files\CMake\"/>
		</Unit>
		<Unit filename="/mnt/bigDrive/gerstrong-big/workspace/Commander-Genius/CMake/cotire.cmake">
			<Option virtualFolder="CMake Files\CMake\"/>
		</Unit>
		<Unit filename="/mnt/bigDrive/gerstrong-big/workspace/Commander-Genius/GsKit/CMakeLists.txt">
			<Option virtualFolder="CMake Files\GsKit\"/>
		</Unit>
		<Unit filename="/mnt/bigDrive/gerstrong-big/workspace/Commander-Genius/src/CMakeLists.txt">
			<Option virtualFolder="CMake Files\src\"/>
		</Unit>
		<Unit filename="/mnt/bigDrive/gerstrong-big/workspace/Commander-Genius/src/install.cmake">
			<Option virtualFolder="CMake Files\src\"/>
		</Unit>
		<Unit filename="/mnt/bigDrive/gerstrong-big/workspace/Commander-Genius/src/oldArch.cmake">
			<Option virtualFolder="CMake Files\src\"/>
		</Unit>
		<Unit filename="/mnt/bigDrive/gerstrong-big/workspace/Commander-Genius/src/engine/CMakeLists.txt">
			<Option virtualFolder="CMake Files\src\engine\"/>
		</Unit>
		<Unit filename="/mnt/bigDrive/gerstrong-big/workspace/Commander-Genius/src/engine/core/CMakeLists.txt">
			<Option virtualFolder="CMake Files\src\engine\core\"/>
		</Unit>
		<Unit filename="/mnt/bigDrive/gerstrong-big/workspace/Commander-Genius/src/engine/keen/CMakeLists.txt">
			<Option virtualFolder="CMake Files\src\engine\keen\"/>
		</Unit>
		<Unit filename="/mnt/bigDrive/gerstrong-big/workspace/Commander-Genius/src/engine/keen/galaxy/CMakeLists.txt">
			<Option virtualFolder="CMake Files\src\engine\keen\galaxy\"/>
		</Unit>
		<Unit filename="/mnt/bigDrive/gerstrong-big/workspace/Commander-Genius/src/engine/keen/galaxy/common/CMakeLists.txt">
			<Option virtualFolder="CMake Files\src\engine\keen\galaxy\common\"/>
		</Unit>
		<Unit filename="/mnt/bigDrive/gerstrong-big/workspace/Commander-Genius/src/engine/keen/galaxy/ep4/CMakeLists.txt">
			<Option virtualFolder="CMake Files\src\engine\keen\galaxy\ep4\"/>
		</Unit>
		<Unit filename="/mnt/bigDrive/gerstrong-big/workspace/Commander-Genius/src/engine/keen/galaxy/ep5/CMakeLists.txt">
			<Option virtualFolder="CMake Files\src\engine\keen\galaxy\ep5\"/>
		</Unit>
		<Unit filename="/mnt/bigDrive/gerstrong-big/workspace/Commander-Genius/src/engine/keen/galaxy/ep6/CMakeLists.txt">
			<Option virtualFolder="CMake Files\src\engine\keen\galaxy\ep6\"/>
		</Unit>
		<Unit filename="/mnt/bigDrive/gerstrong-big/workspace/Commander-Genius/src/engine/keen/galaxy/menu/CMakeLists.txt">
			<Option virtualFolder="CMake Files\src\engine\keen\galaxy\menu\"/>
		</Unit>
		<Unit filename="/mnt/bigDrive/gerstrong-big/workspace/Commander-Genius/src/engine/keen/galaxy/res/CMakeLists.txt">
			<Option virtualFolder="CMake Files\src\engine\keen\galaxy\res\"/>
		</Unit>
		<Unit filename="/mnt/bigDrive/gerstrong-big/workspace/Commander-Genius/src/engine/keen/vorticon/CMakeLists.txt">
			<Option virtualFolder="CMake Files\src\engine\keen\vorticon\"/>
		</Unit>
		<Unit filename="/mnt/bigDrive/gerstrong-big/workspace/Commander-Genius/src/engine/keen/dreams/CMakeLists.txt">
			<Option virtualFolder="CMake Files\src\engine\keen\dreams\"/>
		</Unit>
		<Unit filename="/mnt/bigDrive/gerstrong-big/workspace/Commander-Genius/src/engine/refkeen/CMakeLists.txt">
			<Option virtualFolder="CMake Files\src\engine\refkeen\"/>
		</Unit>
		<Unit filename="/mnt/bigDrive/gerstrong-big/workspace/Commander-Genius/src/engine/refkeen/kdreams/CMakeLists.txt">
			<Option virtualFolder="CMake Files\src\engine\refkeen\kdreams\"/>
		</Unit>
		<Unit filename="/mnt/bigDrive/gerstrong-big/workspace/Commander-Genius/src/engine/unzip/CMakeLists.txt">
			<Option virtualFolder="CMake Files\src\engine\unzip\"/>
		</Unit>
		<Unit filename="/mnt/bigDrive/gerstrong-big/workspace/Commander-Genius/src/sdl/CMakeLists.txt">
			<Option virtualFolder="CMake Files\src\sdl\"/>
		</Unit>
		<Unit filename="/mnt/bigDrive/gerstrong-big/workspace/Commander-Genius/src/sdl/audio/CMakeLists.txt">
			<Option virtualFolder="CMake Files\src\sdl\audio\"/>
		</Unit>
		<Unit filename="/mnt/bigDrive/gerstrong-big/workspace/Commander-Genius/src/sdl/audio/base/CMakeLists.txt">
			<Option virtualFolder="CMake Files\src\sdl\audio\base\"/>
		</Unit>
		<Unit filename="/mnt/bigDrive/gerstrong-big/workspace/Commander-Genius/src/sdl/audio/music/CMakeLists.txt">
			<Option virtualFolder="CMake Files\src\sdl\audio\music\"/>
		</Unit>
		<Unit filename="/mnt/bigDrive/gerstrong-big/workspace/Commander-Genius/src/sdl/audio/sound/CMakeLists.txt">
			<Option virtualFolder="CMake Files\src\sdl\audio\sound\"/>
		</Unit>
		<Unit filename="/mnt/bigDrive/gerstrong-big/workspace/Commander-Genius/src/sdl/sys/CMakeLists.txt">
			<Option virtualFolder="CMake Files\src\sdl\sys\"/>
		</Unit>
		<Unit filename="/mnt/bigDrive/gerstrong-big/workspace/Commander-Genius/src/fileio/CMakeLists.txt">
			<Option virtualFolder="CMake Files\src\fileio\"/>
		</Unit>
		<Unit filename="/mnt/bigDrive/gerstrong-big/workspace/Commander-Genius/src/fileio/compression/CMakeLists.txt">
			<Option virtualFolder="CMake Files\src\fileio\compression\"/>
		</Unit>
		<Unit filename="/mnt/bigDrive/gerstrong-big/workspace/Commander-Genius/src/dialog/CMakeLists.txt">
			<Option virtualFolder="CMake Files\src\dialog\"/>
		</Unit>
		<Unit filename="/mnt/bigDrive/gerstrong-big/workspace/Commander-Genius/src/graphics/CMakeLists.txt">
			<Option virtualFolder="CMake Files\src\graphics\"/>
		</Unit>
	</Project>
</CodeBlocks_project_file>
